Microsoft Visual Studio Solution File, Format Version 12.00
# Visual Studio Version 16
Project("{98861ADE-244C-4607-B770-FF8B58A0B7A9}") = "NoFollowerLevelLimit", "NoFollowerLevelLimit\NoFollowerLevelLimit.csproj", "{8EDC305F-3A41-454E-B0E6-C2545CF3366A}"
EndProject
Global
	GlobalSection(SolutionConfigurationPlatforms) = preSolution
		Debug|Any CPU = Debug|Any CPU
		Release|Any CPU = Release|Any CPU
	EndGlobalSection
	GlobalSection(ProjectConfigurationPlatforms) = postSolution
		{8EDC305F-3A41-454E-B0E6-C2545CF3366A}.Debug|Any CPU.ActiveCfg = Debug|Any CPU
		{8EDC305F-3A41-454E-B0E6-C2545CF3366A}.Debug|Any CPU.Build.0 = Debug|Any CPU
		{8EDC305F-3A41-454E-B0E6-C2545CF3366A}.Release|Any CPU.ActiveCfg = Release|Any CPU
		{8EDC305F-3A41-454E-B0E6-C2545CF3366A}.Release|Any CPU.Build.0 = Release|Any CPU
	EndGlobalSection
EndGlobal